github.com/wowchemy/wowchemy-hugo-modules/netlify-cms-academic v0.0.0-20201125230219-3a03b728de8f h1:OBztKY9KWPJJhezZdps4tPCBxsRpPcGP7YgO2Z8wv8c=
github.com/wowchemy/wowchemy-hugo-modules/netlify-cms-academic v0.0.0-20201125230219-3a03b728de8f/go.mod h1:TU3QDPUdBSQnvDP5QVCwjAkBIdVMS/bKFA8jr3eI5AY=
github.com/wowchemy/wowchemy-hugo-modules/netlify-cms-academic v0.0.0-20201129124759-cdcfa2da28e2 h1:9xMDzFv9AeLK1hk+/zUQZn9xMVEqnaEXLucTDmuV9wo=
github.com/wowchemy/wowchemy-hugo-modules/netlify-cms-academic v0.0.0-20201129124759-cdcfa2da28e2/go.mod h1:TU3QDPUdBSQnvDP5QVCwjAkBIdVMS/bKFA8jr3eI5AY=
github.com/wowchemy/wowchemy-hugo-modules/wowchemy v0.0.0-20201129124759-cdcfa2da28e2 h1:gGFh4JB+4FzJEcj9rfQ6pkL+Ql4kQ+DxGcnKJYHKdrM=
github.com/wowchemy/wowchemy-hugo-modules/wowchemy v0.0.0-20201129124759-cdcfa2da28e2/go.mod h1:H22qfH9qj3FWwsk7+bAZpmT24yRGNQURah2/IRwjbn8=
github.com/ylecornec/wowchemy-widget-titledslider v0.0.0-20201127114102-c2771302e6f1 h1:/nQcxZr4vj5a96LGsbBgW3jsKho0LWHt1UqnGqUp8KQ=
github.com/ylecornec/wowchemy-widget-titledslider v0.0.0-20201127114102-c2771302e6f1/go.mod h1:e7iF2G/EibP0jt+/10Tug+5RtQZuG/shvjEZJRYpEK0=
github.com/ylecornec/wowchemy-widget-titledslider v0.0.0-20201130085334-8bfdee994017 h1:rLnauMQ2R+VwlaZiTHldmFGC6y3Z6ctFjHols7fM6sA=
github.com/ylecornec/wowchemy-widget-titledslider v0.0.0-20201130085334-8bfdee994017/go.mod h1:e7iF2G/EibP0jt+/10Tug+5RtQZuG/shvjEZJRYpEK0=
